
Microsoft Visual Studio Solution File, Format Version 12.00
# Visual Studio Version 17
VisualStudioVersion = 17.13.35825.156 d17.13
MinimumVisualStudioVersion = 10.0.40219.1
Project("{FAE04EC0-301F-11D3-BF4B-00C04F79EFBC}") = "TaskX", "TaskX.csproj", "{EBE7B182-F697-44BC-A71D-26BD93AC474C}"
EndProject
Global
	GlobalSection(SolutionConfigurationPlatforms) = preSolution
		Debug|Any CPU = Debug|Any CPU
		Release|Any CPU = Release|Any CPU
	EndGlobalSection
	GlobalSection(ProjectConfigurationPlatforms) = postSolution
		{EBE7B182-F697-44BC-A71D-26BD93AC474C}.Debug|Any CPU.ActiveCfg = Debug|Any CPU
		{EBE7B182-F697-44BC-A71D-26BD93AC474C}.Debug|Any CPU.Build.0 = Debug|Any CPU
		{EBE7B182-F697-44BC-A71D-26BD93AC474C}.Release|Any CPU.ActiveCfg = Release|Any CPU
		{EBE7B182-F697-44BC-A71D-26BD93AC474C}.Release|Any CPU.Build.0 = Release|Any CPU
	EndGlobalSection
	GlobalSection(SolutionProperties) = preSolution
		HideSolutionNode = FALSE
	EndGlobalSection
	GlobalSection(ExtensibilityGlobals) = postSolution
		SolutionGuid = {EB7616FF-0B9E-41A5-B528-2C2CE8B3AA87}
	EndGlobalSection
EndGlobal
